
Microsoft Visual Studio Solution File, Format Version 12.00
# Visual Studio Version 17
VisualStudioVersion = 17.10.35013.160
MinimumVisualStudioVersion = 10.0.40219.1
Project("{9A19103F-16F7-4668-BE54-9A1E7A4F7556}") = "ScoreWorker", "ScoreWorker\ScoreWorker.csproj", "{C5106843-5152-45F7-9F04-1F218E767D62}"
EndProject
Project("{9A19103F-16F7-4668-BE54-9A1E7A4F7556}") = "ScoreWorker.Models", "ScoreWorker.Models\ScoreWorker.Models.csproj", "{63E434C2-BD90-4BC2-942C-CDF9587A06AC}"
EndProject
Project("{9A19103F-16F7-4668-BE54-9A1E7A4F7556}") = "ScoreWorker.RefitApi", "ScoreWorker.RefitApi\ScoreWorker.RefitApi.csproj", "{00C3B115-FA34-4CC1-8653-8828138CFE37}"
EndProject
Project("{9A19103F-16F7-4668-BE54-9A1E7A4F7556}") = "ScoreWorker.Models.Db", "ScoreWorker.Models.Db\ScoreWorker.Models.Db.csproj", "{8623B0CC-1F15-4ED0-B309-A0D714682D0C}"
EndProject
Project("{9A19103F-16F7-4668-BE54-9A1E7A4F7556}") = "ScoreWorker.Models.Exceptions", "ScoreWorker.Models.Exceptions\ScoreWorker.Models.Exceptions.csproj", "{4BEDEDB7-3946-4DBE-B8E4-603E574A8E0C}"
EndProject
Project("{9A19103F-16F7-4668-BE54-9A1E7A4F7556}") = "ScoreWorker.PromptHelpers", "ScoreWorker.Prompt\ScoreWorker.PromptHelpers.csproj", "{02AABD71-76E0-4BF3-AE17-8EFCFFF3B789}"
EndProject
Project("{9A19103F-16F7-4668-BE54-9A1E7A4F7556}") = "ScoreWorker.DB", "ScoreWorker.DB\ScoreWorker.DB.csproj", "{AEC806E9-3D2C-4BD2-BD4F-3A49808E0491}"
EndProject
Project("{9A19103F-16F7-4668-BE54-9A1E7A4F7556}") = "ScoreWorker.Domain", "ScoreWorker.Domain\ScoreWorker.Domain.csproj", "{87E5A1E3-E2A7-494D-BCC5-398B96825CEA}"
EndProject
Global
	GlobalSection(SolutionConfigurationPlatforms) = preSolution
		Debug|Any CPU = Debug|Any CPU
		Release|Any CPU = Release|Any CPU
	EndGlobalSection
	GlobalSection(ProjectConfigurationPlatforms) = postSolution
		{C5106843-5152-45F7-9F04-1F218E767D62}.Debug|Any CPU.ActiveCfg = Debug|Any CPU
		{C5106843-5152-45F7-9F04-1F218E767D62}.Debug|Any CPU.Build.0 = Debug|Any CPU
		{C5106843-5152-45F7-9F04-1F218E767D62}.Release|Any CPU.ActiveCfg = Release|Any CPU
		{C5106843-5152-45F7-9F04-1F218E767D62}.Release|Any CPU.Build.0 = Release|Any CPU
		{63E434C2-BD90-4BC2-942C-CDF9587A06AC}.Debug|Any CPU.ActiveCfg = Debug|Any CPU
		{63E434C2-BD90-4BC2-942C-CDF9587A06AC}.Debug|Any CPU.Build.0 = Debug|Any CPU
		{63E434C2-BD90-4BC2-942C-CDF9587A06AC}.Release|Any CPU.ActiveCfg = Release|Any CPU
		{63E434C2-BD90-4BC2-942C-CDF9587A06AC}.Release|Any CPU.Build.0 = Release|Any CPU
		{00C3B115-FA34-4CC1-8653-8828138CFE37}.Debug|Any CPU.ActiveCfg = Debug|Any CPU
		{00C3B115-FA34-4CC1-8653-8828138CFE37}.Debug|Any CPU.Build.0 = Debug|Any CPU
		{00C3B115-FA34-4CC1-8653-8828138CFE37}.Release|Any CPU.ActiveCfg = Release|Any CPU
		{00C3B115-FA34-4CC1-8653-8828138CFE37}.Release|Any CPU.Build.0 = Release|Any CPU
		{8623B0CC-1F15-4ED0-B309-A0D714682D0C}.Debug|Any CPU.ActiveCfg = Debug|Any CPU
		{8623B0CC-1F15-4ED0-B309-A0D714682D0C}.Debug|Any CPU.Build.0 = Debug|Any CPU
		{8623B0CC-1F15-4ED0-B309-A0D714682D0C}.Release|Any CPU.ActiveCfg = Release|Any CPU
		{8623B0CC-1F15-4ED0-B309-A0D714682D0C}.Release|Any CPU.Build.0 = Release|Any CPU
		{4BEDEDB7-3946-4DBE-B8E4-603E574A8E0C}.Debug|Any CPU.ActiveCfg = Debug|Any CPU
		{4BEDEDB7-3946-4DBE-B8E4-603E574A8E0C}.Debug|Any CPU.Build.0 = Debug|Any CPU
		{4BEDEDB7-3946-4DBE-B8E4-603E574A8E0C}.Release|Any CPU.ActiveCfg = Release|Any CPU
		{4BEDEDB7-3946-4DBE-B8E4-603E574A8E0C}.Release|Any CPU.Build.0 = Release|Any CPU
		{02AABD71-76E0-4BF3-AE17-8EFCFFF3B789}.Debug|Any CPU.ActiveCfg = Debug|Any CPU
		{02AABD71-76E0-4BF3-AE17-8EFCFFF3B789}.Debug|Any CPU.Build.0 = Debug|Any CPU
		{02AABD71-76E0-4BF3-AE17-8EFCFFF3B789}.Release|Any CPU.ActiveCfg = Release|Any CPU
		{02AABD71-76E0-4BF3-AE17-8EFCFFF3B789}.Release|Any CPU.Build.0 = Release|Any CPU
		{AEC806E9-3D2C-4BD2-BD4F-3A49808E0491}.Debug|Any CPU.ActiveCfg = Debug|Any CPU
		{AEC806E9-3D2C-4BD2-BD4F-3A49808E0491}.Debug|Any CPU.Build.0 = Debug|Any CPU
		{AEC806E9-3D2C-4BD2-BD4F-3A49808E0491}.Release|Any CPU.ActiveCfg = Release|Any CPU
		{AEC806E9-3D2C-4BD2-BD4F-3A49808E0491}.Release|Any CPU.Build.0 = Release|Any CPU
		{87E5A1E3-E2A7-494D-BCC5-398B96825CEA}.Debug|Any CPU.ActiveCfg = Debug|Any CPU
		{87E5A1E3-E2A7-494D-BCC5-398B96825CEA}.Debug|Any CPU.Build.0 = Debug|Any CPU
		{87E5A1E3-E2A7-494D-BCC5-398B96825CEA}.Release|Any CPU.ActiveCfg = Release|Any CPU
		{87E5A1E3-E2A7-494D-BCC5-398B96825CEA}.Release|Any CPU.Build.0 = Release|Any CPU
	EndGlobalSection
	GlobalSection(SolutionProperties) = preSolution
		HideSolutionNode = FALSE
	EndGlobalSection
	GlobalSection(ExtensibilityGlobals) = postSolution
		SolutionGuid = {F025BEE4-E8AA-4ECA-AA51-36430DCCA2A0}
	EndGlobalSection
EndGlobal
